
Microsoft Visual Studio Solution File, Format Version 12.00
# Visual Studio Version 17
VisualStudioVersion = 17.14.36310.24
MinimumVisualStudioVersion = 10.0.40219.1
Project("{FAE04EC0-301F-11D3-BF4B-00C04F79EFBC}") = "RetroGameLog.Domain", "RetroGameLog.Domain\RetroGameLog.Domain.csproj", "{BE460802-0D2B-4E81-91D5-F7158D86A307}"
EndProject
Project("{2150E333-8FDC-42A3-9474-1A3956D46DE8}") = "src", "src", "{02EA681E-C7D8-13C7-8484-4AC65E1B71E8}"
EndProject
Project("{2150E333-8FDC-42A3-9474-1A3956D46DE8}") = "test", "test", "{FCBEA369-FEFD-46CE-B739-2553A0A0E079}"
EndProject
Project("{FAE04EC0-301F-11D3-BF4B-00C04F79EFBC}") = "RetroGameLog.Application", "RetroGameLog.Application\RetroGameLog.Application.csproj", "{358EE86E-E2C9-41EA-BB46-9BD0536A25E5}"
EndProject
Project("{FAE04EC0-301F-11D3-BF4B-00C04F79EFBC}") = "RetroGameLog.Infrastructure", "RetroGameLog.Infrastructure\RetroGameLog.Infrastructure.csproj", "{869185A5-FD19-44F5-8C0A-D8FF304BFB65}"
EndProject
Global
	GlobalSection(SolutionConfigurationPlatforms) = preSolution
		Debug|Any CPU = Debug|Any CPU
		Release|Any CPU = Release|Any CPU
	EndGlobalSection
	GlobalSection(ProjectConfigurationPlatforms) = postSolution
		{BE460802-0D2B-4E81-91D5-F7158D86A307}.Debug|Any CPU.ActiveCfg = Debug|Any CPU
		{BE460802-0D2B-4E81-91D5-F7158D86A307}.Debug|Any CPU.Build.0 = Debug|Any CPU
		{BE460802-0D2B-4E81-91D5-F7158D86A307}.Release|Any CPU.ActiveCfg = Release|Any CPU
		{BE460802-0D2B-4E81-91D5-F7158D86A307}.Release|Any CPU.Build.0 = Release|Any CPU
		{358EE86E-E2C9-41EA-BB46-9BD0536A25E5}.Debug|Any CPU.ActiveCfg = Debug|Any CPU
		{358EE86E-E2C9-41EA-BB46-9BD0536A25E5}.Debug|Any CPU.Build.0 = Debug|Any CPU
		{358EE86E-E2C9-41EA-BB46-9BD0536A25E5}.Release|Any CPU.ActiveCfg = Release|Any CPU
		{358EE86E-E2C9-41EA-BB46-9BD0536A25E5}.Release|Any CPU.Build.0 = Release|Any CPU
		{869185A5-FD19-44F5-8C0A-D8FF304BFB65}.Debug|Any CPU.ActiveCfg = Debug|Any CPU
		{869185A5-FD19-44F5-8C0A-D8FF304BFB65}.Debug|Any CPU.Build.0 = Debug|Any CPU
		{869185A5-FD19-44F5-8C0A-D8FF304BFB65}.Release|Any CPU.ActiveCfg = Release|Any CPU
		{869185A5-FD19-44F5-8C0A-D8FF304BFB65}.Release|Any CPU.Build.0 = Release|Any CPU
	EndGlobalSection
	GlobalSection(SolutionProperties) = preSolution
		HideSolutionNode = FALSE
	EndGlobalSection
	GlobalSection(NestedProjects) = preSolution
		{BE460802-0D2B-4E81-91D5-F7158D86A307} = {02EA681E-C7D8-13C7-8484-4AC65E1B71E8}
		{358EE86E-E2C9-41EA-BB46-9BD0536A25E5} = {02EA681E-C7D8-13C7-8484-4AC65E1B71E8}
	EndGlobalSection
	GlobalSection(ExtensibilityGlobals) = postSolution
		SolutionGuid = {DA79EFDD-C063-4737-B9D8-2F174087CB12}
	EndGlobalSection
EndGlobal
